
Microsoft Visual Studio Solution File, Format Version 12.00
# Visual Studio Version 16
VisualStudioVersion = 16.0.29519.87
MinimumVisualStudioVersion = 10.0.40219.1
Project("{FAE04EC0-301F-11D3-BF4B-00C04F79EFBC}") = "DokumentyAL", "Dokuments_AL\DokumentyAL.csproj", "{F0F80F44-EB31-4AB5-BF03-7D5D43B73BBE}"
EndProject
Global
	GlobalSection(SolutionConfigurationPlatforms) = preSolution
		Debug|Any CPU = Debug|Any CPU
		Release|Any CPU = Release|Any CPU
	EndGlobalSection
	GlobalSection(ProjectConfigurationPlatforms) = postSolution
		{F0F80F44-EB31-4AB5-BF03-7D5D43B73BBE}.Debug|Any CPU.ActiveCfg = Debug|Any CPU
		{F0F80F44-EB31-4AB5-BF03-7D5D43B73BBE}.Debug|Any CPU.Build.0 = Debug|Any CPU
		{F0F80F44-EB31-4AB5-BF03-7D5D43B73BBE}.Release|Any CPU.ActiveCfg = Release|Any CPU
		{F0F80F44-EB31-4AB5-BF03-7D5D43B73BBE}.Release|Any CPU.Build.0 = Release|Any CPU
	EndGlobalSection
	GlobalSection(SolutionProperties) = preSolution
		HideSolutionNode = FALSE
	EndGlobalSection
	GlobalSection(ExtensibilityGlobals) = postSolution
		SolutionGuid = {BB1DB10B-D1C4-441F-A247-6FEC6B6A119D}
	EndGlobalSection
EndGlobal
